# This file is automatically @generated by Cargo.
# It is not intended for manual editing.
version = 4

[[package]]
name = "kash-core"
version = "0.1.0-posix2024-pre"
dependencies = [
 "kash-gadt",
 "kash-macros",
]

[[package]]
name = "kash-gadt"
version = "0.1.0-posix2024-pre"

[[package]]
name = "kash-macros"
version = "0.1.0-posix2024-pre"

[[package]]
name = "lightnht"
version = "0.1.0-posix2024-pre"
